
Microsoft Visual Studio Solution File, Format Version 12.00
# Visual Studio Version 16
VisualStudioVersion = 16.0.33927.289
MinimumVisualStudioVersion = 10.0.40219.1
Project("{8BC9CEB8-8B4A-11D0-8D11-00A0C91BC942}") = "qlight", "qlight.vcxproj", "{C53C0FAA-28AB-4F00-BF99-5D1659DFB39F}"
EndProject
Project("{8BC9CEB8-8B4A-11D0-8D11-00A0C91BC942}") = "qlight-tests", "tests\qlight-tests.vcxproj", "{1934E23C-8051-49C8-8317-DAD6E8C17066}"
EndProject
Global
	GlobalSection(SolutionConfigurationPlatforms) = preSolution
		Debug|ARM = Debug|ARM
		Debug|ARM64 = Debug|ARM64
		Debug|x64 = Debug|x64
		Debug|x86 = Debug|x86
		Release|ARM = Release|ARM
		Release|ARM64 = Release|ARM64
		Release|x64 = Release|x64
		Release|x86 = Release|x86
	EndGlobalSection
	GlobalSection(ProjectConfigurationPlatforms) = postSolution
		{C53C0FAA-28AB-4F00-BF99-5D1659DFB39F}.Debug|ARM.ActiveCfg = Debug|x64
		{C53C0FAA-28AB-4F00-BF99-5D1659DFB39F}.Debug|ARM64.ActiveCfg = Debug|x64
		{C53C0FAA-28AB-4F00-BF99-5D1659DFB39F}.Debug|x64.ActiveCfg = Debug|x64
		{C53C0FAA-28AB-4F00-BF99-5D1659DFB39F}.Debug|x64.Build.0 = Debug|x64
		{C53C0FAA-28AB-4F00-BF99-5D1659DFB39F}.Debug|x86.ActiveCfg = Debug|x64
		{C53C0FAA-28AB-4F00-BF99-5D1659DFB39F}.Release|ARM.ActiveCfg = Release|x64
		{C53C0FAA-28AB-4F00-BF99-5D1659DFB39F}.Release|ARM64.ActiveCfg = Release|x64
		{C53C0FAA-28AB-4F00-BF99-5D1659DFB39F}.Release|x64.ActiveCfg = Release|x64
		{C53C0FAA-28AB-4F00-BF99-5D1659DFB39F}.Release|x64.Build.0 = Release|x64
		{C53C0FAA-28AB-4F00-BF99-5D1659DFB39F}.Release|x86.ActiveCfg = Release|x64
		{1934E23C-8051-49C8-8317-DAD6E8C17066}.Debug|ARM.ActiveCfg = Debug|Win32
		{1934E23C-8051-49C8-8317-DAD6E8C17066}.Debug|ARM64.ActiveCfg = Debug|Win32
		{1934E23C-8051-49C8-8317-DAD6E8C17066}.Debug|x64.ActiveCfg = Debug|x64
		{1934E23C-8051-49C8-8317-DAD6E8C17066}.Debug|x64.Build.0 = Debug|x64
		{1934E23C-8051-49C8-8317-DAD6E8C17066}.Debug|x86.ActiveCfg = Debug|Win32
		{1934E23C-8051-49C8-8317-DAD6E8C17066}.Debug|x86.Build.0 = Debug|Win32
		{1934E23C-8051-49C8-8317-DAD6E8C17066}.Release|ARM.ActiveCfg = Release|Win32
		{1934E23C-8051-49C8-8317-DAD6E8C17066}.Release|ARM64.ActiveCfg = Release|Win32
		{1934E23C-8051-49C8-8317-DAD6E8C17066}.Release|x64.ActiveCfg = Release|x64
		{1934E23C-8051-49C8-8317-DAD6E8C17066}.Release|x64.Build.0 = Release|x64
		{1934E23C-8051-49C8-8317-DAD6E8C17066}.Release|x86.ActiveCfg = Release|Win32
		{1934E23C-8051-49C8-8317-DAD6E8C17066}.Release|x86.Build.0 = Release|Win32
	EndGlobalSection
	GlobalSection(SolutionProperties) = preSolution
		HideSolutionNode = FALSE
	EndGlobalSection
	GlobalSection(ExtensibilityGlobals) = postSolution
		SolutionGuid = {DB118194-F6C9-4A6C-99C4-3A0ECA49B930}
	EndGlobalSection
EndGlobal
